{
  "name": "Rubik's Hub",
  "lockfileVersion": 3,
  "requires": true,
  "packages": {
    "": {
      "dependencies": {
        "alpinejs": "^3.14.0",
        "datatables.net-dt": "^2.0.8",
        "datatables.net-responsive-dt": "^3.0.2",
        "flowbite": "^2.3.0"
      }
    },
    "node_modules/@popperjs/core": {
      "version": "2.11.8",
      "resolved": "https://registry.npmjs.org/@popperjs/core/-/core-2.11.8.tgz",
      "integrity": "sha512-P1st0aksCrn9sGZhp8GMYwBnQsbvAWsZAX44oXNNvLHGqAOcoVxmjZiohstwQ7SqKnbR47akdNi+uleWD8+g6A==",
      "funding": {
        "type": "opencollective",
        "url": "https://opencollective.com/popperjs"
      }
    },
    "node_modules/@vue/reactivity": {
      "version": "3.1.5",
      "resolved": "https://registry.npmjs.org/@vue/reactivity/-/reactivity-3.1.5.tgz",
      "integrity": "sha512-1tdfLmNjWG6t/CsPldh+foumYFo3cpyCHgBYQ34ylaMsJ+SNHQ1kApMIa8jN+i593zQuaw3AdWH0nJTARzCFhg==",
      "dependencies": {
        "@vue/shared": "3.1.5"
      }
    },
    "node_modules/@vue/shared": {
      "version": "3.1.5",
      "resolved": "https://registry.npmjs.org/@vue/shared/-/shared-3.1.5.tgz",
      "integrity": "sha512-oJ4F3TnvpXaQwZJNF3ZK+kLPHKarDmJjJ6jyzVNDKH9md1dptjC7lWR//jrGuLdek/U6iltWxqAnYOu8gCiOvA=="
    },
    "node_modules/alpinejs": {
      "version": "3.14.0",
      "resolved": "https://registry.npmjs.org/alpinejs/-/alpinejs-3.14.0.tgz",
      "integrity": "sha512-YCWF95PMJqePe9ll6KMyDt/nLhh2R7RhqBf4loEmLzIskcHque4Br/9UgAa6cw13H0Cm3FM9e1hzDwP5z5wlDA==",
      "dependencies": {
        "@vue/reactivity": "~3.1.1"
      }
    },
    "node_modules/datatables.net": {
      "version": "2.0.8",
      "resolved": "https://registry.npmjs.org/datatables.net/-/datatables.net-2.0.8.tgz",
      "integrity": "sha512-4/2dYx4vl975zQqZbyoVEm0huPe61qffjBRby7K7V+y9E+ORq4R8KavkgrNMmIgO6cl85Pg4AvCbVjvPCIT1Yg==",
      "dependencies": {
        "jquery": ">=1.7"
      }
    },
    "node_modules/datatables.net-dt": {
      "version": "2.0.8",
      "resolved": "https://registry.npmjs.org/datatables.net-dt/-/datatables.net-dt-2.0.8.tgz",
      "integrity": "sha512-9SG5MWJXq2IQSJWuH+2DvK/9AXduZr0wI/lQbrtBBd18Ck5sO8z3EXxy5wYxxjTFZ9Z+wl0lHsO//qR8QYmWIA==",
      "dependencies": {
        "datatables.net": "2.0.8",
        "jquery": ">=1.7"
      }
    },
    "node_modules/datatables.net-responsive": {
      "version": "3.0.2",
      "resolved": "https://registry.npmjs.org/datatables.net-responsive/-/datatables.net-responsive-3.0.2.tgz",
      "integrity": "sha512-OVsrTfcYvT8YtnOeCef51veKc+DABVPWOypvID+xFzCgyBDCIgcauTk+H5zItOscXw/CwSIbGN9zD6Sxa7lZPA==",
      "dependencies": {
        "datatables.net": "^2",
        "jquery": ">=1.7"
      }
    },
    "node_modules/datatables.net-responsive-dt": {
      "version": "3.0.2",
      "resolved": "https://registry.npmjs.org/datatables.net-responsive-dt/-/datatables.net-responsive-dt-3.0.2.tgz",
      "integrity": "sha512-wxqs/rCVDlIwKXrSy8AG0E5pPvlJBy37xLUt1rc+59qFNY7hDrhSEZXuDgQZmQl2IVRG7ED853dc6OBl3bjwZg==",
      "dependencies": {
        "datatables.net-dt": "^2",
        "datatables.net-responsive": "3.0.2",
        "jquery": ">=1.7"
      }
    },
    "node_modules/flowbite": {
      "version": "2.3.0",
      "resolved": "https://registry.npmjs.org/flowbite/-/flowbite-2.3.0.tgz",
      "integrity": "sha512-pm3JRo8OIJHGfFYWgaGpPv8E+UdWy0Z3gEAGufw+G/1dusaU/P1zoBLiQpf2/+bYAi+GBQtPVG86KYlV0W+AFQ==",
      "dependencies": {
        "@popperjs/core": "^2.9.3",
        "mini-svg-data-uri": "^1.4.3"
      }
    },
    "node_modules/jquery": {
      "version": "3.7.1",
      "resolved": "https://registry.npmjs.org/jquery/-/jquery-3.7.1.tgz",
      "integrity": "sha512-m4avr8yL8kmFN8psrbFFFmB/If14iN5o9nw/NgnnM+kybDJpRsAynV2BsfpTYrTRysYUdADVD7CkUUizgkpLfg=="
    },
    "node_modules/mini-svg-data-uri": {
      "version": "1.4.4",
      "resolved": "https://registry.npmjs.org/mini-svg-data-uri/-/mini-svg-data-uri-1.4.4.tgz",
      "integrity": "sha512-r9deDe9p5FJUPZAk3A59wGH7Ii9YrjjWw0jmw/liSbHl2CHiyXj6FcDXDu2K3TjVAXqiJdaw3xxwlZZr9E6nHg==",
      "bin": {
        "mini-svg-data-uri": "cli.js"
      }
    }
  }
}
